// !$*UTF8*$!
{
	archiveVersion = 1;
	classes = {
	};
	objectVersion = 48;
	objects = {

/* Begin PBXBuildFile section */
		582F1EAA1FB1A24C00BD29A8 /* InputVC.swift in Sources */ = {isa = PBXBuildFile; fileRef = 582F1EA91FB1A24C00BD29A8 /* InputVC.swift */; };
		582F1EAE1FB2DE7E00BD29A8 /* TechnologyTests.swift in Sources */ = {isa = PBXBuildFile; fileRef = 582F1EAD1FB2DE7E00BD29A8 /* TechnologyTests.swift */; };
		582F1EB01FB2EC6200BD29A8 /* TechManagerTests.swift in Sources */ = {isa = PBXBuildFile; fileRef = 582F1EAF1FB2EC6200BD29A8 /* TechManagerTests.swift */; };
		582F1EB21FB4E17A00BD29A8 /* FirstVCTests.swift in Sources */ = {isa = PBXBuildFile; fileRef = 582F1EB11FB4E17A00BD29A8 /* FirstVCTests.swift */; };
		582F1EB41FB5070800BD29A8 /* TechCellTests.swift in Sources */ = {isa = PBXBuildFile; fileRef = 582F1EB31FB5070800BD29A8 /* TechCellTests.swift */; };
		582F1EB61FB5125300BD29A8 /* InputVCTests.swift in Sources */ = {isa = PBXBuildFile; fileRef = 582F1EB51FB5125300BD29A8 /* InputVCTests.swift */; };
		582F1EB81FB51D1400BD29A8 /* DescVCTests.swift in Sources */ = {isa = PBXBuildFile; fileRef = 582F1EB71FB51D1400BD29A8 /* DescVCTests.swift */; };
		584042BF1FA9052D001DDC86 /* DescVC.swift in Sources */ = {isa = PBXBuildFile; fileRef = 584042BE1FA9052D001DDC86 /* DescVC.swift */; };
		584042C31FA90B2B001DDC86 /* Technology.swift in Sources */ = {isa = PBXBuildFile; fileRef = 584042C21FA90B2B001DDC86 /* Technology.swift */; };
		584A9A591FA7BBBA0053C252 /* AppDelegate.swift in Sources */ = {isa = PBXBuildFile; fileRef = 584A9A581FA7BBBA0053C252 /* AppDelegate.swift */; };
		584A9A5B1FA7BBBA0053C252 /* FirstVC.swift in Sources */ = {isa = PBXBuildFile; fileRef = 584A9A5A1FA7BBBA0053C252 /* FirstVC.swift */; };
		584A9A5E1FA7BBBA0053C252 /* Main.storyboard in Resources */ = {isa = PBXBuildFile; fileRef = 584A9A5C1FA7BBBA0053C252 /* Main.storyboard */; };
		584A9A601FA7BBBA0053C252 /* Assets.xcassets in Resources */ = {isa = PBXBuildFile; fileRef = 584A9A5F1FA7BBBA0053C252 /* Assets.xcassets */; };
		584A9A631FA7BBBA0053C252 /* LaunchScreen.storyboard in Resources */ = {isa = PBXBuildFile; fileRef = 584A9A611FA7BBBA0053C252 /* LaunchScreen.storyboard */; };
		584A9A6B1FA7CDCA0053C252 /* TechCell.swift in Sources */ = {isa = PBXBuildFile; fileRef = 584A9A6A1FA7CDCA0053C252 /* TechCell.swift */; };
		588993011FB0173400A25BCF /* TechManager.swift in Sources */ = {isa = PBXBuildFile; fileRef = 588993001FB0173400A25BCF /* TechManager.swift */; };
/* End PBXBuildFile section */

/* Begin PBXContainerItemProxy section */
		5827CC4A1FAA498200F0E291 /* PBXContainerItemProxy */ = {
			isa = PBXContainerItemProxy;
			containerPortal = 584A9A4D1FA7BBBA0053C252 /* Project object */;
			proxyType = 1;
			remoteGlobalIDString = 584A9A541FA7BBBA0053C252;
			remoteInfo = InterviewAssist;
		};
		5827CC581FAA49A300F0E291 /* PBXContainerItemProxy */ = {
			isa = PBXContainerItemProxy;
			containerPortal = 584A9A4D1FA7BBBA0053C252 /* Project object */;
			proxyType = 1;
			remoteGlobalIDString = 584A9A541FA7BBBA0053C252;
			remoteInfo = InterviewAssist;
		};
/* End PBXContainerItemProxy section */

/* Begin PBXFileReference section */
		5827CC451FAA498200F0E291 /* InterviewAssistTests.xctest */ = {isa = PBXFileReference; explicitFileType = wrapper.cfbundle; includeInIndex = 0; path = InterviewAssistTests.xctest; sourceTree = BUILT_PRODUCTS_DIR; };
		5827CC491FAA498200F0E291 /* Info.plist */ = {isa = PBXFileReference; lastKnownFileType = text.plist.xml; path = Info.plist; sourceTree = "<group>"; };
		5827CC531FAA49A300F0E291 /* InterviewAssistUITests.xctest */ = {isa = PBXFileReference; explicitFileType = wrapper.cfbundle; includeInIndex = 0; path = InterviewAssistUITests.xctest; sourceTree = BUILT_PRODUCTS_DIR; };
		5827CC571FAA49A300F0E291 /* Info.plist */ = {isa = PBXFileReference; lastKnownFileType = text.plist.xml; path = Info.plist; sourceTree = "<group>"; };
		582F1EA91FB1A24C00BD29A8 /* InputVC.swift */ = {isa = PBXFileReference; lastKnownFileType = sourcecode.swift; path = InputVC.swift; sourceTree = "<group>"; };
		582F1EAD1FB2DE7E00BD29A8 /* TechnologyTests.swift */ = {isa = PBXFileReference; lastKnownFileType = sourcecode.swift; path = TechnologyTests.swift; sourceTree = "<group>"; };
		582F1EAF1FB2EC6200BD29A8 /* TechManagerTests.swift */ = {isa = PBXFileReference; lastKnownFileType = sourcecode.swift; path = TechManagerTests.swift; sourceTree = "<group>"; };
		582F1EB11FB4E17A00BD29A8 /* FirstVCTests.swift */ = {isa = PBXFileReference; lastKnownFileType = sourcecode.swift; path = FirstVCTests.swift; sourceTree = "<group>"; };
		582F1EB31FB5070800BD29A8 /* TechCellTests.swift */ = {isa = PBXFileReference; lastKnownFileType = sourcecode.swift; path = TechCellTests.swift; sourceTree = "<group>"; };
		582F1EB51FB5125300BD29A8 /* InputVCTests.swift */ = {isa = PBXFileReference; lastKnownFileType = sourcecode.swift; path = InputVCTests.swift; sourceTree = "<group>"; };
		582F1EB71FB51D1400BD29A8 /* DescVCTests.swift */ = {isa = PBXFileReference; lastKnownFileType = sourcecode.swift; path = DescVCTests.swift; sourceTree = "<group>"; };
		584042BE1FA9052D001DDC86 /* DescVC.swift */ = {isa = PBXFileReference; lastKnownFileType = sourcecode.swift; path = DescVC.swift; sourceTree = "<group>"; };
		584042C21FA90B2B001DDC86 /* Technology.swift */ = {isa = PBXFileReference; lastKnownFileType = sourcecode.swift; path = Technology.swift; sourceTree = "<group>"; };
		584A9A551FA7BBBA0053C252 /* InterviewAssist.app */ = {isa = PBXFileReference; explicitFileType = wrapper.application; includeInIndex = 0; path = InterviewAssist.app; sourceTree = BUILT_PRODUCTS_DIR; };
		584A9A581FA7BBBA0053C252 /* AppDelegate.swift */ = {isa = PBXFileReference; lastKnownFileType = sourcecode.swift; path = AppDelegate.swift; sourceTree = "<group>"; };
		584A9A5A1FA7BBBA0053C252 /* FirstVC.swift */ = {isa = PBXFileReference; lastKnownFileType = sourcecode.swift; path = FirstVC.swift; sourceTree = "<group>"; };
		584A9A5D1FA7BBBA0053C252 /* Base */ = {isa = PBXFileReference; lastKnownFileType = file.storyboard; name = Base; path = Base.lproj/Main.storyboard; sourceTree = "<group>"; };
		584A9A5F1FA7BBBA0053C252 /* Assets.xcassets */ = {isa = PBXFileReference; lastKnownFileType = folder.assetcatalog; path = Assets.xcassets; sourceTree = "<group>"; };
		584A9A621FA7BBBA0053C252 /* Base */ = {isa = PBXFileReference; lastKnownFileType = file.storyboard; name = Base; path = Base.lproj/LaunchScreen.storyboard; sourceTree = "<group>"; };
		584A9A641FA7BBBA0053C252 /* Info.plist */ = {isa = PBXFileReference; lastKnownFileType = text.plist.xml; path = Info.plist; sourceTree = "<group>"; };
		584A9A6A1FA7CDCA0053C252 /* TechCell.swift */ = {isa = PBXFileReference; lastKnownFileType = sourcecode.swift; path = TechCell.swift; sourceTree = "<group>"; };
		588993001FB0173400A25BCF /* TechManager.swift */ = {isa = PBXFileReference; lastKnownFileType = sourcecode.swift; path = TechManager.swift; sourceTree = "<group>"; };
/* End PBXFileReference section */

/* Begin PBXFrameworksBuildPhase section */
		5827CC421FAA498200F0E291 /* Frameworks */ = {
			isa = PBXFrameworksBuildPhase;
			buildActionMask = 2147483647;
			files = (
			);
			runOnlyForDeploymentPostprocessing = 0;
		};
		5827CC501FAA49A300F0E291 /* Frameworks */ = {
			isa = PBXFrameworksBuildPhase;
			buildActionMask = 2147483647;
			files = (
			);
			runOnlyForDeploymentPostprocessing = 0;
		};
		584A9A521FA7BBBA0053C252 /* Frameworks */ = {
			isa = PBXFrameworksBuildPhase;
			buildActionMask = 2147483647;
			files = (
			);
			runOnlyForDeploymentPostprocessing = 0;
		};
/* End PBXFrameworksBuildPhase section */

/* Begin PBXGroup section */
		5827CC461FAA498200F0E291 /* InterviewAssistTests */ = {
			isa = PBXGroup;
			children = (
				582F1EAB1FB2DD1700BD29A8 /* Model */,
				582F1EAC1FB2DD3C00BD29A8 /* Controller */,
				5827CC491FAA498200F0E291 /* Info.plist */,
			);
			path = InterviewAssistTests;
			sourceTree = "<group>";
		};
		5827CC541FAA49A300F0E291 /* InterviewAssistUITests */ = {
			isa = PBXGroup;
			children = (
				5827CC571FAA49A300F0E291 /* Info.plist */,
			);
			path = InterviewAssistUITests;
			sourceTree = "<group>";
		};
		582F1EAB1FB2DD1700BD29A8 /* Model */ = {
			isa = PBXGroup;
			children = (
				582F1EAD1FB2DE7E00BD29A8 /* TechnologyTests.swift */,
				582F1EAF1FB2EC6200BD29A8 /* TechManagerTests.swift */,
			);
			path = Model;
			sourceTree = "<group>";
		};
		582F1EAC1FB2DD3C00BD29A8 /* Controller */ = {
			isa = PBXGroup;
			children = (
				582F1EB11FB4E17A00BD29A8 /* FirstVCTests.swift */,
				582F1EB31FB5070800BD29A8 /* TechCellTests.swift */,
				582F1EB51FB5125300BD29A8 /* InputVCTests.swift */,
				582F1EB71FB51D1400BD29A8 /* DescVCTests.swift */,
			);
			path = Controller;
			sourceTree = "<group>";
		};
		584042C41FA98B2A001DDC86 /* Model */ = {
			isa = PBXGroup;
			children = (
				584042C21FA90B2B001DDC86 /* Technology.swift */,
				588993001FB0173400A25BCF /* TechManager.swift */,
			);
			path = Model;
			sourceTree = "<group>";
		};
		584042C61FA98B42001DDC86 /* View */ = {
			isa = PBXGroup;
			children = (
				584A9A6A1FA7CDCA0053C252 /* TechCell.swift */,
			);
			path = View;
			sourceTree = "<group>";
		};
		584042C71FA98B57001DDC86 /* Controller */ = {
			isa = PBXGroup;
			children = (
				584A9A5A1FA7BBBA0053C252 /* FirstVC.swift */,
				582F1EA91FB1A24C00BD29A8 /* InputVC.swift */,
				584042BE1FA9052D001DDC86 /* DescVC.swift */,
			);
			path = Controller;
			sourceTree = "<group>";
		};
		584A9A4C1FA7BBBA0053C252 = {
			isa = PBXGroup;
			children = (
				584A9A571FA7BBBA0053C252 /* InterviewAssist */,
				5827CC461FAA498200F0E291 /* InterviewAssistTests */,
				5827CC541FAA49A300F0E291 /* InterviewAssistUITests */,
				584A9A561FA7BBBA0053C252 /* Products */,
			);
			sourceTree = "<group>";
		};
		584A9A561FA7BBBA0053C252 /* Products */ = {
			isa = PBXGroup;
			children = (
				584A9A551FA7BBBA0053C252 /* InterviewAssist.app */,
				5827CC451FAA498200F0E291 /* InterviewAssistTests.xctest */,
				5827CC531FAA49A300F0E291 /* InterviewAssistUITests.xctest */,
			);
			name = Products;
			sourceTree = "<group>";
		};
		584A9A571FA7BBBA0053C252 /* InterviewAssist */ = {
			isa = PBXGroup;
			children = (
				584042C41FA98B2A001DDC86 /* Model */,
				584042C61FA98B42001DDC86 /* View */,
				584042C71FA98B57001DDC86 /* Controller */,
				584A9A581FA7BBBA0053C252 /* AppDelegate.swift */,
				584A9A5C1FA7BBBA0053C252 /* Main.storyboard */,
				584A9A5F1FA7BBBA0053C252 /* Assets.xcassets */,
				584A9A611FA7BBBA0053C252 /* LaunchScreen.storyboard */,
				584A9A641FA7BBBA0053C252 /* Info.plist */,
			);
			path = InterviewAssist;
			sourceTree = "<group>";
		};
/* End PBXGroup section */

/* Begin PBXNativeTarget section */
		5827CC441FAA498200F0E291 /* InterviewAssistTests */ = {
			isa = PBXNativeTarget;
			buildConfigurationList = 5827CC4C1FAA498200F0E291 /* Build configuration list for PBXNativeTarget "InterviewAssistTests" */;
			buildPhases = (
				5827CC411FAA498200F0E291 /* Sources */,
				5827CC421FAA498200F0E291 /* Frameworks */,
				5827CC431FAA498200F0E291 /* Resources */,
			);
			buildRules = (
			);
			dependencies = (
				5827CC4B1FAA498200F0E291 /* PBXTargetDependency */,
			);
			name = InterviewAssistTests;
			productName = InterviewAssistTests;
			productReference = 5827CC451FAA498200F0E291 /* InterviewAssistTests.xctest */;
			productType = "com.apple.product-type.bundle.unit-test";
		};
		5827CC521FAA49A300F0E291 /* InterviewAssistUITests */ = {
			isa = PBXNativeTarget;
			buildConfigurationList = 5827CC5A1FAA49A300F0E291 /* Build configuration list for PBXNativeTarget "InterviewAssistUITests" */;
			buildPhases = (
				5827CC4F1FAA49A300F0E291 /* Sources */,
				5827CC501FAA49A300F0E291 /* Frameworks */,
				5827CC511FAA49A300F0E291 /* Resources */,
			);
			buildRules = (
			);
			dependencies = (
				5827CC591FAA49A300F0E291 /* PBXTargetDependency */,
			);
			name = InterviewAssistUITests;
			productName = InterviewAssistUITests;
			productReference = 5827CC531FAA49A300F0E291 /* InterviewAssistUITests.xctest */;
			productType = "com.apple.product-type.bundle.ui-testing";
		};
		584A9A541FA7BBBA0053C252 /* InterviewAssist */ = {
			isa = PBXNativeTarget;
			buildConfigurationList = 584A9A671FA7BBBA0053C252 /* Build configuration list for PBXNativeTarget "InterviewAssist" */;
			buildPhases = (
				584A9A511FA7BBBA0053C252 /* Sources */,
				584A9A521FA7BBBA0053C252 /* Frameworks */,
				584A9A531FA7BBBA0053C252 /* Resources */,
			);
			buildRules = (
			);
			dependencies = (
			);
			name = InterviewAssist;
			productName = InterviewAssist;
			productReference = 584A9A551FA7BBBA0053C252 /* InterviewAssist.app */;
			productType = "com.apple.product-type.application";
		};
/* End PBXNativeTarget section */

/* Begin PBXProject section */
		584A9A4D1FA7BBBA0053C252 /* Project object */ = {
			isa = PBXProject;
			attributes = {
				LastSwiftUpdateCheck = 0900;
				LastUpgradeCheck = 0900;
				ORGANIZATIONNAME = Infosys;
				TargetAttributes = {
					5827CC441FAA498200F0E291 = {
						CreatedOnToolsVersion = 9.0.1;
						ProvisioningStyle = Automatic;
						TestTargetID = 584A9A541FA7BBBA0053C252;
					};
					5827CC521FAA49A300F0E291 = {
						CreatedOnToolsVersion = 9.0.1;
						ProvisioningStyle = Automatic;
						TestTargetID = 584A9A541FA7BBBA0053C252;
					};
					584A9A541FA7BBBA0053C252 = {
						CreatedOnToolsVersion = 9.0.1;
						ProvisioningStyle = Automatic;
					};
				};
			};
			buildConfigurationList = 584A9A501FA7BBBA0053C252 /* Build configuration list for PBXProject "InterviewAssist" */;
			compatibilityVersion = "Xcode 8.0";
			developmentRegion = en;
			hasScannedForEncodings = 0;
			knownRegions = (
				en,
				Base,
			);
			mainGroup = 584A9A4C1FA7BBBA0053C252;
			productRefGroup = 584A9A561FA7BBBA0053C252 /* Products */;
			projectDirPath = "";
			projectRoot = "";
			targets = (
				584A9A541FA7BBBA0053C252 /* InterviewAssist */,
				5827CC441FAA498200F0E291 /* InterviewAssistTests */,
				5827CC521FAA49A300F0E291 /* InterviewAssistUITests */,
			);
		};
/* End PBXProject section */

/* Begin PBXResourcesBuildPhase section */
		5827CC431FAA498200F0E291 /* Resources */ = {
			isa = PBXResourcesBuildPhase;
			buildActionMask = 2147483647;
			files = (
			);
			runOnlyForDeploymentPostprocessing = 0;
		};
		5827CC511FAA49A300F0E291 /* Resources */ = {
			isa = PBXResourcesBuildPhase;
			buildActionMask = 2147483647;
			files = (
			);
			runOnlyForDeploymentPostprocessing = 0;
		};
		584A9A531FA7BBBA0053C252 /* Resources */ = {
			isa = PBXResourcesBuildPhase;
			buildActionMask = 2147483647;
			files = (
				584A9A631FA7BBBA0053C252 /* LaunchScreen.storyboard in Resources */,
				584A9A601FA7BBBA0053C252 /* Assets.xcassets in Resources */,
				584A9A5E1FA7BBBA0053C252 /* Main.storyboard in Resources */,
			);
			runOnlyForDeploymentPostprocessing = 0;
		};
/* End PBXResourcesBuildPhase section */

/* Begin PBXSourcesBuildPhase section */
		5827CC411FAA498200F0E291 /* Sources */ = {
			isa = PBXSourcesBuildPhase;
			buildActionMask = 2147483647;
			files = (
				582F1EB01FB2EC6200BD29A8 /* TechManagerTests.swift in Sources */,
				582F1EB61FB5125300BD29A8 /* InputVCTests.swift in Sources */,
				582F1EB81FB51D1400BD29A8 /* DescVCTests.swift in Sources */,
				582F1EB21FB4E17A00BD29A8 /* FirstVCTests.swift in Sources */,
				582F1EB41FB5070800BD29A8 /* TechCellTests.swift in Sources */,
				582F1EAE1FB2DE7E00BD29A8 /* TechnologyTests.swift in Sources */,
			);
			runOnlyForDeploymentPostprocessing = 0;
		};
		5827CC4F1FAA49A300F0E291 /* Sources */ = {
			isa = PBXSourcesBuildPhase;
			buildActionMask = 2147483647;
			files = (
			);
			runOnlyForDeploymentPostprocessing = 0;
		};
		584A9A511FA7BBBA0053C252 /* Sources */ = {
			isa = PBXSourcesBuildPhase;
			buildActionMask = 2147483647;
			files = (
				582F1EAA1FB1A24C00BD29A8 /* InputVC.swift in Sources */,
				584042C31FA90B2B001DDC86 /* Technology.swift in Sources */,
				584A9A5B1FA7BBBA0053C252 /* FirstVC.swift in Sources */,
				588993011FB0173400A25BCF /* TechManager.swift in Sources */,
				584A9A591FA7BBBA0053C252 /* AppDelegate.swift in Sources */,
				584A9A6B1FA7CDCA0053C252 /* TechCell.swift in Sources */,
				584042BF1FA9052D001DDC86 /* DescVC.swift in Sources */,
			);
			runOnlyForDeploymentPostprocessing = 0;
		};
/* End PBXSourcesBuildPhase section */

/* Begin PBXTargetDependency section */
		5827CC4B1FAA498200F0E291 /* PBXTargetDependency */ = {
			isa = PBXTargetDependency;
			target = 584A9A541FA7BBBA0053C252 /* InterviewAssist */;
			targetProxy = 5827CC4A1FAA498200F0E291 /* PBXContainerItemProxy */;
		};
		5827CC591FAA49A300F0E291 /* PBXTargetDependency */ = {
			isa = PBXTargetDependency;
			target = 584A9A541FA7BBBA0053C252 /* InterviewAssist */;
			targetProxy = 5827CC581FAA49A300F0E291 /* PBXContainerItemProxy */;
		};
/* End PBXTargetDependency section */

/* Begin PBXVariantGroup section */
		584A9A5C1FA7BBBA0053C252 /* Main.storyboard */ = {
			isa = PBXVariantGroup;
			children = (
				584A9A5D1FA7BBBA0053C252 /* Base */,
			);
			name = Main.storyboard;
			sourceTree = "<group>";
		};
		584A9A611FA7BBBA0053C252 /* LaunchScreen.storyboard */ = {
			isa = PBXVariantGroup;
			children = (
				584A9A621FA7BBBA0053C252 /* Base */,
			);
			name = LaunchScreen.storyboard;
			sourceTree = "<group>";
		};
/* End PBXVariantGroup section */

/* Begin XCBuildConfiguration section */
		5827CC4D1FAA498200F0E291 /* Debug */ = {
			isa = XCBuildConfiguration;
			buildSettings = {
				BUNDLE_LOADER = "$(TEST_HOST)";
				CODE_SIGN_STYLE = Automatic;
				DEVELOPMENT_TEAM = 8CRUH85QUW;
				INFOPLIST_FILE = InterviewAssistTests/Info.plist;
				LD_RUNPATH_SEARCH_PATHS = "$(inherited) @executable_path/Frameworks @loader_path/Frameworks";
				PRODUCT_BUNDLE_IDENTIFIER = com.Infosys.InterviewAssistTests;
				PRODUCT_NAME = "$(TARGET_NAME)";
				SWIFT_VERSION = 4.0;
				TARGETED_DEVICE_FAMILY = "1,2";
				TEST_HOST = "$(BUILT_PRODUCTS_DIR)/InterviewAssist.app/InterviewAssist";
			};
			name = Debug;
		};
		5827CC4E1FAA498200F0E291 /* Release */ = {
			isa = XCBuildConfiguration;
			buildSettings = {
				BUNDLE_LOADER = "$(TEST_HOST)";
				CODE_SIGN_STYLE = Automatic;
				DEVELOPMENT_TEAM = 8CRUH85QUW;
				INFOPLIST_FILE = InterviewAssistTests/Info.plist;
				LD_RUNPATH_SEARCH_PATHS = "$(inherited) @executable_path/Frameworks @loader_path/Frameworks";
				PRODUCT_BUNDLE_IDENTIFIER = com.Infosys.InterviewAssistTests;
				PRODUCT_NAME = "$(TARGET_NAME)";
				SWIFT_VERSION = 4.0;
				TARGETED_DEVICE_FAMILY = "1,2";
				TEST_HOST = "$(BUILT_PRODUCTS_DIR)/InterviewAssist.app/InterviewAssist";
			};
			name = Release;
		};
		5827CC5B1FAA49A300F0E291 /* Debug */ = {
			isa = XCBuildConfiguration;
			buildSettings = {
				CODE_SIGN_STYLE = Automatic;
				DEVELOPMENT_TEAM = 8CRUH85QUW;
				INFOPLIST_FILE = InterviewAssistUITests/Info.plist;
				LD_RUNPATH_SEARCH_PATHS = "$(inherited) @executable_path/Frameworks @loader_path/Frameworks";
				PRODUCT_BUNDLE_IDENTIFIER = com.Infosys.InterviewAssistUITests;
				PRODUCT_NAME = "$(TARGET_NAME)";
				SWIFT_VERSION = 4.0;
				TARGETED_DEVICE_FAMILY = "1,2";
				TEST_TARGET_NAME = InterviewAssist;
			};
			name = Debug;
		};
		5827CC5C1FAA49A300F0E291 /* Release */ = {
			isa = XCBuildConfiguration;
			buildSettings = {
				CODE_SIGN_STYLE = Automatic;
				DEVELOPMENT_TEAM = 8CRUH85QUW;
				INFOPLIST_FILE = InterviewAssistUITests/Info.plist;
				LD_RUNPATH_SEARCH_PATHS = "$(inherited) @executable_path/Frameworks @loader_path/Frameworks";
				PRODUCT_BUNDLE_IDENTIFIER = com.Infosys.InterviewAssistUITests;
				PRODUCT_NAME = "$(TARGET_NAME)";
				SWIFT_VERSION = 4.0;
				TARGETED_DEVICE_FAMILY = "1,2";
				TEST_TARGET_NAME = InterviewAssist;
			};
			name = Release;
		};
		584A9A651FA7BBBA0053C252 /* Debug */ = {
			isa = XCBuildConfiguration;
			buildSettings = {
				ALWAYS_SEARCH_USER_PATHS = NO;
				CLANG_ANALYZER_NONNULL = YES;
				CLANG_ANALYZER_NUMBER_OBJECT_CONVERSION = YES_AGGRESSIVE;
				CLANG_CXX_LANGUAGE_STANDARD = "gnu++14";
				CLANG_CXX_LIBRARY = "libc++";
				CLANG_ENABLE_MODULES = YES;
				CLANG_ENABLE_OBJC_ARC = YES;
				CLANG_WARN_BLOCK_CAPTURE_AUTORELEASING = YES;
				CLANG_WARN_BOOL_CONVERSION = YES;
				CLANG_WARN_COMMA = YES;
				CLANG_WARN_CONSTANT_CONVERSION = YES;
				CLANG_WARN_DIRECT_OBJC_ISA_USAGE = YES_ERROR;
				CLANG_WARN_DOCUMENTATION_COMMENTS = YES;
				CLANG_WARN_EMPTY_BODY = YES;
				CLANG_WARN_ENUM_CONVERSION = YES;
				CLANG_WARN_INFINITE_RECURSION = YES;
				CLANG_WARN_INT_CONVERSION = YES;
				CLANG_WARN_NON_LITERAL_NULL_CONVERSION = YES;
				CLANG_WARN_OBJC_LITERAL_CONVERSION = YES;
				CLANG_WARN_OBJC_ROOT_CLASS = YES_ERROR;
				CLANG_WARN_RANGE_LOOP_ANALYSIS = YES;
				CLANG_WARN_STRICT_PROTOTYPES = YES;
				CLANG_WARN_SUSPICIOUS_MOVE = YES;
				CLANG_WARN_UNGUARDED_AVAILABILITY = YES_AGGRESSIVE;
				CLANG_WARN_UNREACHABLE_CODE = YES;
				CLANG_WARN__DUPLICATE_METHOD_MATCH = YES;
				CODE_SIGN_IDENTITY = "iPhone Developer";
				COPY_PHASE_STRIP = NO;
				DEBUG_INFORMATION_FORMAT = dwarf;
				ENABLE_STRICT_OBJC_MSGSEND = YES;
				ENABLE_TESTABILITY = YES;
				GCC_C_LANGUAGE_STANDARD = gnu11;
				GCC_DYNAMIC_NO_PIC = NO;
				GCC_NO_COMMON_BLOCKS = YES;
				GCC_OPTIMIZATION_LEVEL = 0;
				GCC_PREPROCESSOR_DEFINITIONS = (
					"DEBUG=1",
					"$(inherited)",
				);
				GCC_WARN_64_TO_32_BIT_CONVERSION = YES;
				GCC_WARN_ABOUT_RETURN_TYPE = YES_ERROR;
				GCC_WARN_UNDECLARED_SELECTOR = YES;
				GCC_WARN_UNINITIALIZED_AUTOS = YES_AGGRESSIVE;
				GCC_WARN_UNUSED_FUNCTION = YES;
				GCC_WARN_UNUSED_VARIABLE = YES;
				IPHONEOS_DEPLOYMENT_TARGET = 11.0;
				MTL_ENABLE_DEBUG_INFO = YES;
				ONLY_ACTIVE_ARCH = YES;
				SDKROOT = iphoneos;
				SWIFT_ACTIVE_COMPILATION_CONDITIONS = DEBUG;
				SWIFT_OPTIMIZATION_LEVEL = "-Onone";
			};
			name = Debug;
		};
		584A9A661FA7BBBA0053C252 /* Release */ = {
			isa = XCBuildConfiguration;
			buildSettings = {
				ALWAYS_SEARCH_USER_PATHS = NO;
				CLANG_ANALYZER_NONNULL = YES;
				CLANG_ANALYZER_NUMBER_OBJECT_CONVERSION = YES_AGGRESSIVE;
				CLANG_CXX_LANGUAGE_STANDARD = "gnu++14";
				CLANG_CXX_LIBRARY = "libc++";
				CLANG_ENABLE_MODULES = YES;
				CLANG_ENABLE_OBJC_ARC = YES;
				CLANG_WARN_BLOCK_CAPTURE_AUTORELEASING = YES;
				CLANG_WARN_BOOL_CONVERSION = YES;
				CLANG_WARN_COMMA = YES;
				CLANG_WARN_CONSTANT_CONVERSION = YES;
				CLANG_WARN_DIRECT_OBJC_ISA_USAGE = YES_ERROR;
				CLANG_WARN_DOCUMENTATION_COMMENTS = YES;
				CLANG_WARN_EMPTY_BODY = YES;
				CLANG_WARN_ENUM_CONVERSION = YES;
				CLANG_WARN_INFINITE_RECURSION = YES;
				CLANG_WARN_INT_CONVERSION = YES;
				CLANG_WARN_NON_LITERAL_NULL_CONVERSION = YES;
				CLANG_WARN_OBJC_LITERAL_CONVERSION = YES;
				CLANG_WARN_OBJC_ROOT_CLASS = YES_ERROR;
				CLANG_WARN_RANGE_LOOP_ANALYSIS = YES;
				CLANG_WARN_STRICT_PROTOTYPES = YES;
				CLANG_WARN_SUSPICIOUS_MOVE = YES;
				CLANG_WARN_UNGUARDED_AVAILABILITY = YES_AGGRESSIVE;
				CLANG_WARN_UNREACHABLE_CODE = YES;
				CLANG_WARN__DUPLICATE_METHOD_MATCH = YES;
				CODE_SIGN_IDENTITY = "iPhone Developer";
				COPY_PHASE_STRIP = NO;
				DEBUG_INFORMATION_FORMAT = "dwarf-with-dsym";
				ENABLE_NS_ASSERTIONS = NO;
				ENABLE_STRICT_OBJC_MSGSEND = YES;
				GCC_C_LANGUAGE_STANDARD = gnu11;
				GCC_NO_COMMON_BLOCKS = YES;
				GCC_WARN_64_TO_32_BIT_CONVERSION = YES;
				GCC_WARN_ABOUT_RETURN_TYPE = YES_ERROR;
				GCC_WARN_UNDECLARED_SELECTOR = YES;
				GCC_WARN_UNINITIALIZED_AUTOS = YES_AGGRESSIVE;
				GCC_WARN_UNUSED_FUNCTION = YES;
				GCC_WARN_UNUSED_VARIABLE = YES;
				IPHONEOS_DEPLOYMENT_TARGET = 11.0;
				MTL_ENABLE_DEBUG_INFO = NO;
				SDKROOT = iphoneos;
				SWIFT_OPTIMIZATION_LEVEL = "-Owholemodule";
				VALIDATE_PRODUCT = YES;
			};
			name = Release;
		};
		584A9A681FA7BBBA0053C252 /* Debug */ = {
			isa = XCBuildConfiguration;
			buildSettings = {
				ASSETCATALOG_COMPILER_APPICON_NAME = AppIcon;
				CODE_SIGN_STYLE = Automatic;
				DEVELOPMENT_TEAM = 8CRUH85QUW;
				INFOPLIST_FILE = InterviewAssist/Info.plist;
				LD_RUNPATH_SEARCH_PATHS = "$(inherited) @executable_path/Frameworks";
				PRODUCT_BUNDLE_IDENTIFIER = com.Infosys.InterviewAssist;
				PRODUCT_NAME = "$(TARGET_NAME)";
				SWIFT_VERSION = 4.0;
				TARGETED_DEVICE_FAMILY = "1,2";
			};
			name = Debug;
		};
		584A9A691FA7BBBA0053C252 /* Release */ = {
			isa = XCBuildConfiguration;
			buildSettings = {
				ASSETCATALOG_COMPILER_APPICON_NAME = AppIcon;
				CODE_SIGN_STYLE = Automatic;
				DEVELOPMENT_TEAM = 8CRUH85QUW;
				INFOPLIST_FILE = InterviewAssist/Info.plist;
				LD_RUNPATH_SEARCH_PATHS = "$(inherited) @executable_path/Frameworks";
				PRODUCT_BUNDLE_IDENTIFIER = com.Infosys.InterviewAssist;
				PRODUCT_NAME = "$(TARGET_NAME)";
				SWIFT_VERSION = 4.0;
				TARGETED_DEVICE_FAMILY = "1,2";
			};
			name = Release;
		};
/* End XCBuildConfiguration section */

/* Begin XCConfigurationList section */
		5827CC4C1FAA498200F0E291 /* Build configuration list for PBXNativeTarget "InterviewAssistTests" */ = {
			isa = XCConfigurationList;
			buildConfigurations = (
				5827CC4D1FAA498200F0E291 /* Debug */,
				5827CC4E1FAA498200F0E291 /* Release */,
			);
			defaultConfigurationIsVisible = 0;
			defaultConfigurationName = Release;
		};
		5827CC5A1FAA49A300F0E291 /* Build configuration list for PBXNativeTarget "InterviewAssistUITests" */ = {
			isa = XCConfigurationList;
			buildConfigurations = (
				5827CC5B1FAA49A300F0E291 /* Debug */,
				5827CC5C1FAA49A300F0E291 /* Release */,
			);
			defaultConfigurationIsVisible = 0;
			defaultConfigurationName = Release;
		};
		584A9A501FA7BBBA0053C252 /* Build configuration list for PBXProject "InterviewAssist" */ = {
			isa = XCConfigurationList;
			buildConfigurations = (
				584A9A651FA7BBBA0053C252 /* Debug */,
				584A9A661FA7BBBA0053C252 /* Release */,
			);
			defaultConfigurationIsVisible = 0;
			defaultConfigurationName = Release;
		};
		584A9A671FA7BBBA0053C252 /* Build configuration list for PBXNativeTarget "InterviewAssist" */ = {
			isa = XCConfigurationList;
			buildConfigurations = (
				584A9A681FA7BBBA0053C252 /* Debug */,
				584A9A691FA7BBBA0053C252 /* Release */,
			);
			defaultConfigurationIsVisible = 0;
			defaultConfigurationName = Release;
		};
/* End XCConfigurationList section */
	};
	rootObject = 584A9A4D1FA7BBBA0053C252 /* Project object */;
}
